
Microsoft Visual Studio Solution File, Format Version 12.00
# Visual Studio 2012
Project("{FAE04EC0-301F-11D3-BF4B-00C04F79EFBC}") = "HeadFirstPatterns", "HeadFirstPatterns\HeadFirstPatterns.csproj", "{EA6DA99E-8033-40B7-921D-991424060BBF}"
EndProject
Global
	GlobalSection(SolutionConfigurationPlatforms) = preSolution
		Debug|Any CPU = Debug|Any CPU
		Release|Any CPU = Release|Any CPU
	EndGlobalSection
	GlobalSection(ProjectConfigurationPlatforms) = postSolution
		{EA6DA99E-8033-40B7-921D-991424060BBF}.Debug|Any CPU.ActiveCfg = Debug|Any CPU
		{EA6DA99E-8033-40B7-921D-991424060BBF}.Debug|Any CPU.Build.0 = Debug|Any CPU
		{EA6DA99E-8033-40B7-921D-991424060BBF}.Release|Any CPU.ActiveCfg = Release|Any CPU
		{EA6DA99E-8033-40B7-921D-991424060BBF}.Release|Any CPU.Build.0 = Release|Any CPU
	EndGlobalSection
	GlobalSection(SolutionProperties) = preSolution
		HideSolutionNode = FALSE
	EndGlobalSection
EndGlobal
